// !$*UTF8*$!
{
	archiveVersion = 1;
	classes = {
	};
	objectVersion = 50;
	objects = {

/* Begin PBXBuildFile section */
		7A90A61A24455B1F001A5F04 /* AppDelegate.swift in Sources */ = {isa = PBXBuildFile; fileRef = 7A90A61924455B1F001A5F04 /* AppDelegate.swift */; };
		7A90A61C24455B1F001A5F04 /* SceneDelegate.swift in Sources */ = {isa = PBXBuildFile; fileRef = 7A90A61B24455B1F001A5F04 /* SceneDelegate.swift */; };
		7A90A61E24455B1F001A5F04 /* ViewController.swift in Sources */ = {isa = PBXBuildFile; fileRef = 7A90A61D24455B1F001A5F04 /* ViewController.swift */; };
		7A90A62124455B1F001A5F04 /* Main.storyboard in Resources */ = {isa = PBXBuildFile; fileRef = 7A90A61F24455B1F001A5F04 /* Main.storyboard */; };
		7A90A62324455B28001A5F04 /* Assets.xcassets in Resources */ = {isa = PBXBuildFile; fileRef = 7A90A62224455B28001A5F04 /* Assets.xcassets */; };
		7A90A62624455B28001A5F04 /* LaunchScreen.storyboard in Resources */ = {isa = PBXBuildFile; fileRef = 7A90A62424455B28001A5F04 /* LaunchScreen.storyboard */; };
		7A90A63124455B29001A5F04 /* TouchTrackerTests.swift in Sources */ = {isa = PBXBuildFile; fileRef = 7A90A63024455B29001A5F04 /* TouchTrackerTests.swift */; };
		7A90A63C24455B29001A5F04 /* TouchTrackerUITests.swift in Sources */ = {isa = PBXBuildFile; fileRef = 7A90A63B24455B29001A5F04 /* TouchTrackerUITests.swift */; };
		7A90A64A24455C2F001A5F04 /* Line.swift in Sources */ = {isa = PBXBuildFile; fileRef = 7A90A64924455C2F001A5F04 /* Line.swift */; };
		7A90A64C24455CD2001A5F04 /* DrawView.swift in Sources */ = {isa = PBXBuildFile; fileRef = 7A90A64B24455CD2001A5F04 /* DrawView.swift */; };
/* End PBXBuildFile section */

/* Begin PBXContainerItemProxy section */
		7A90A62D24455B29001A5F04 /* PBXContainerItemProxy */ = {
			isa = PBXContainerItemProxy;
			containerPortal = 7A90A60E24455B1F001A5F04 /* Project object */;
			proxyType = 1;
			remoteGlobalIDString = 7A90A61524455B1F001A5F04;
			remoteInfo = TouchTracker;
		};
		7A90A63824455B29001A5F04 /* PBXContainerItemProxy */ = {
			isa = PBXContainerItemProxy;
			containerPortal = 7A90A60E24455B1F001A5F04 /* Project object */;
			proxyType = 1;
			remoteGlobalIDString = 7A90A61524455B1F001A5F04;
			remoteInfo = TouchTracker;
		};
/* End PBXContainerItemProxy section */

/* Begin PBXFileReference section */
		7A90A61624455B1F001A5F04 /* TouchTracker.app */ = {isa = PBXFileReference; explicitFileType = wrapper.application; includeInIndex = 0; path = TouchTracker.app; sourceTree = BUILT_PRODUCTS_DIR; };
		7A90A61924455B1F001A5F04 /* AppDelegate.swift */ = {isa = PBXFileReference; lastKnownFileType = sourcecode.swift; path = AppDelegate.swift; sourceTree = "<group>"; };
		7A90A61B24455B1F001A5F04 /* SceneDelegate.swift */ = {isa = PBXFileReference; lastKnownFileType = sourcecode.swift; path = SceneDelegate.swift; sourceTree = "<group>"; };
		7A90A61D24455B1F001A5F04 /* ViewController.swift */ = {isa = PBXFileReference; lastKnownFileType = sourcecode.swift; path = ViewController.swift; sourceTree = "<group>"; };
		7A90A62024455B1F001A5F04 /* Base */ = {isa = PBXFileReference; lastKnownFileType = file.storyboard; name = Base; path = Base.lproj/Main.storyboard; sourceTree = "<group>"; };
		7A90A62224455B28001A5F04 /* Assets.xcassets */ = {isa = PBXFileReference; lastKnownFileType = folder.assetcatalog; path = Assets.xcassets; sourceTree = "<group>"; };
		7A90A62524455B28001A5F04 /* Base */ = {isa = PBXFileReference; lastKnownFileType = file.storyboard; name = Base; path = Base.lproj/LaunchScreen.storyboard; sourceTree = "<group>"; };
		7A90A62724455B28001A5F04 /* Info.plist */ = {isa = PBXFileReference; lastKnownFileType = text.plist.xml; path = Info.plist; sourceTree = "<group>"; };
		7A90A62C24455B29001A5F04 /* TouchTrackerTests.xctest */ = {isa = PBXFileReference; explicitFileType = wrapper.cfbundle; includeInIndex = 0; path = TouchTrackerTests.xctest; sourceTree = BUILT_PRODUCTS_DIR; };
		7A90A63024455B29001A5F04 /* TouchTrackerTests.swift */ = {isa = PBXFileReference; lastKnownFileType = sourcecode.swift; path = TouchTrackerTests.swift; sourceTree = "<group>"; };
		7A90A63224455B29001A5F04 /* Info.plist */ = {isa = PBXFileReference; lastKnownFileType = text.plist.xml; path = Info.plist; sourceTree = "<group>"; };
		7A90A63724455B29001A5F04 /* TouchTrackerUITests.xctest */ = {isa = PBXFileReference; explicitFileType = wrapper.cfbundle; includeInIndex = 0; path = TouchTrackerUITests.xctest; sourceTree = BUILT_PRODUCTS_DIR; };
		7A90A63B24455B29001A5F04 /* TouchTrackerUITests.swift */ = {isa = PBXFileReference; lastKnownFileType = sourcecode.swift; path = TouchTrackerUITests.swift; sourceTree = "<group>"; };
		7A90A63D24455B29001A5F04 /* Info.plist */ = {isa = PBXFileReference; lastKnownFileType = text.plist.xml; path = Info.plist; sourceTree = "<group>"; };
		7A90A64924455C2F001A5F04 /* Line.swift */ = {isa = PBXFileReference; lastKnownFileType = sourcecode.swift; path = Line.swift; sourceTree = "<group>"; };
		7A90A64B24455CD2001A5F04 /* DrawView.swift */ = {isa = PBXFileReference; lastKnownFileType = sourcecode.swift; path = DrawView.swift; sourceTree = "<group>"; };
/* End PBXFileReference section */

/* Begin PBXFrameworksBuildPhase section */
		7A90A61324455B1F001A5F04 /* Frameworks */ = {
			isa = PBXFrameworksBuildPhase;
			buildActionMask = 2147483647;
			files = (
			);
			runOnlyForDeploymentPostprocessing = 0;
		};
		7A90A62924455B29001A5F04 /* Frameworks */ = {
			isa = PBXFrameworksBuildPhase;
			buildActionMask = 2147483647;
			files = (
			);
			runOnlyForDeploymentPostprocessing = 0;
		};
		7A90A63424455B29001A5F04 /* Frameworks */ = {
			isa = PBXFrameworksBuildPhase;
			buildActionMask = 2147483647;
			files = (
			);
			runOnlyForDeploymentPostprocessing = 0;
		};
/* End PBXFrameworksBuildPhase section */

/* Begin PBXGroup section */
		7A90A60D24455B1F001A5F04 = {
			isa = PBXGroup;
			children = (
				7A90A61824455B1F001A5F04 /* TouchTracker */,
				7A90A62F24455B29001A5F04 /* TouchTrackerTests */,
				7A90A63A24455B29001A5F04 /* TouchTrackerUITests */,
				7A90A61724455B1F001A5F04 /* Products */,
			);
			sourceTree = "<group>";
		};
		7A90A61724455B1F001A5F04 /* Products */ = {
			isa = PBXGroup;
			children = (
				7A90A61624455B1F001A5F04 /* TouchTracker.app */,
				7A90A62C24455B29001A5F04 /* TouchTrackerTests.xctest */,
				7A90A63724455B29001A5F04 /* TouchTrackerUITests.xctest */,
			);
			name = Products;
			sourceTree = "<group>";
		};
		7A90A61824455B1F001A5F04 /* TouchTracker */ = {
			isa = PBXGroup;
			children = (
				7A90A61924455B1F001A5F04 /* AppDelegate.swift */,
				7A90A61B24455B1F001A5F04 /* SceneDelegate.swift */,
				7A90A61D24455B1F001A5F04 /* ViewController.swift */,
				7A90A61F24455B1F001A5F04 /* Main.storyboard */,
				7A90A62224455B28001A5F04 /* Assets.xcassets */,
				7A90A62424455B28001A5F04 /* LaunchScreen.storyboard */,
				7A90A62724455B28001A5F04 /* Info.plist */,
				7A90A64924455C2F001A5F04 /* Line.swift */,
				7A90A64B24455CD2001A5F04 /* DrawView.swift */,
			);
			path = TouchTracker;
			sourceTree = "<group>";
		};
		7A90A62F24455B29001A5F04 /* TouchTrackerTests */ = {
			isa = PBXGroup;
			children = (
				7A90A63024455B29001A5F04 /* TouchTrackerTests.swift */,
				7A90A63224455B29001A5F04 /* Info.plist */,
			);
			path = TouchTrackerTests;
			sourceTree = "<group>";
		};
		7A90A63A24455B29001A5F04 /* TouchTrackerUITests */ = {
			isa = PBXGroup;
			children = (
				7A90A63B24455B29001A5F04 /* TouchTrackerUITests.swift */,
				7A90A63D24455B29001A5F04 /* Info.plist */,
			);
			path = TouchTrackerUITests;
			sourceTree = "<group>";
		};
/* End PBXGroup section */

/* Begin PBXNativeTarget section */
		7A90A61524455B1F001A5F04 /* TouchTracker */ = {
			isa = PBXNativeTarget;
			buildConfigurationList = 7A90A64024455B29001A5F04 /* Build configuration list for PBXNativeTarget "TouchTracker" */;
			buildPhases = (
				7A90A61224455B1F001A5F04 /* Sources */,
				7A90A61324455B1F001A5F04 /* Frameworks */,
				7A90A61424455B1F001A5F04 /* Resources */,
			);
			buildRules = (
			);
			dependencies = (
			);
			name = TouchTracker;
			productName = TouchTracker;
			productReference = 7A90A61624455B1F001A5F04 /* TouchTracker.app */;
			productType = "com.apple.product-type.application";
		};
		7A90A62B24455B29001A5F04 /* TouchTrackerTests */ = {
			isa = PBXNativeTarget;
			buildConfigurationList = 7A90A64324455B29001A5F04 /* Build configuration list for PBXNativeTarget "TouchTrackerTests" */;
			buildPhases = (
				7A90A62824455B29001A5F04 /* Sources */,
				7A90A62924455B29001A5F04 /* Frameworks */,
				7A90A62A24455B29001A5F04 /* Resources */,
			);
			buildRules = (
			);
			dependencies = (
				7A90A62E24455B29001A5F04 /* PBXTargetDependency */,
			);
			name = TouchTrackerTests;
			productName = TouchTrackerTests;
			productReference = 7A90A62C24455B29001A5F04 /* TouchTrackerTests.xctest */;
			productType = "com.apple.product-type.bundle.unit-test";
		};
		7A90A63624455B29001A5F04 /* TouchTrackerUITests */ = {
			isa = PBXNativeTarget;
			buildConfigurationList = 7A90A64624455B29001A5F04 /* Build configuration list for PBXNativeTarget "TouchTrackerUITests" */;
			buildPhases = (
				7A90A63324455B29001A5F04 /* Sources */,
				7A90A63424455B29001A5F04 /* Frameworks */,
				7A90A63524455B29001A5F04 /* Resources */,
			);
			buildRules = (
			);
			dependencies = (
				7A90A63924455B29001A5F04 /* PBXTargetDependency */,
			);
			name = TouchTrackerUITests;
			productName = TouchTrackerUITests;
			productReference = 7A90A63724455B29001A5F04 /* TouchTrackerUITests.xctest */;
			productType = "com.apple.product-type.bundle.ui-testing";
		};
/* End PBXNativeTarget section */

/* Begin PBXProject section */
		7A90A60E24455B1F001A5F04 /* Project object */ = {
			isa = PBXProject;
			attributes = {
				LastSwiftUpdateCheck = 1130;
				LastUpgradeCheck = 1130;
				ORGANIZATIONNAME = Aditi;
				TargetAttributes = {
					7A90A61524455B1F001A5F04 = {
						CreatedOnToolsVersion = 11.3.1;
					};
					7A90A62B24455B29001A5F04 = {
						CreatedOnToolsVersion = 11.3.1;
						TestTargetID = 7A90A61524455B1F001A5F04;
					};
					7A90A63624455B29001A5F04 = {
						CreatedOnToolsVersion = 11.3.1;
						TestTargetID = 7A90A61524455B1F001A5F04;
					};
				};
			};
			buildConfigurationList = 7A90A61124455B1F001A5F04 /* Build configuration list for PBXProject "TouchTracker" */;
			compatibilityVersion = "Xcode 9.3";
			developmentRegion = en;
			hasScannedForEncodings = 0;
			knownRegions = (
				en,
				Base,
			);
			mainGroup = 7A90A60D24455B1F001A5F04;
			productRefGroup = 7A90A61724455B1F001A5F04 /* Products */;
			projectDirPath = "";
			projectRoot = "";
			targets = (
				7A90A61524455B1F001A5F04 /* TouchTracker */,
				7A90A62B24455B29001A5F04 /* TouchTrackerTests */,
				7A90A63624455B29001A5F04 /* TouchTrackerUITests */,
			);
		};
/* End PBXProject section */

/* Begin PBXResourcesBuildPhase section */
		7A90A61424455B1F001A5F04 /* Resources */ = {
			isa = PBXResourcesBuildPhase;
			buildActionMask = 2147483647;
			files = (
				7A90A62624455B28001A5F04 /* LaunchScreen.storyboard in Resources */,
				7A90A62324455B28001A5F04 /* Assets.xcassets in Resources */,
				7A90A62124455B1F001A5F04 /* Main.storyboard in Resources */,
			);
			runOnlyForDeploymentPostprocessing = 0;
		};
		7A90A62A24455B29001A5F04 /* Resources */ = {
			isa = PBXResourcesBuildPhase;
			buildActionMask = 2147483647;
			files = (
			);
			runOnlyForDeploymentPostprocessing = 0;
		};
		7A90A63524455B29001A5F04 /* Resources */ = {
			isa = PBXResourcesBuildPhase;
			buildActionMask = 2147483647;
			files = (
			);
			runOnlyForDeploymentPostprocessing = 0;
		};
/* End PBXResourcesBuildPhase section */

/* Begin PBXSourcesBuildPhase section */
		7A90A61224455B1F001A5F04 /* Sources */ = {
			isa = PBXSourcesBuildPhase;
			buildActionMask = 2147483647;
			files = (
				7A90A61E24455B1F001A5F04 /* ViewController.swift in Sources */,
				7A90A64C24455CD2001A5F04 /* DrawView.swift in Sources */,
				7A90A64A24455C2F001A5F04 /* Line.swift in Sources */,
				7A90A61A24455B1F001A5F04 /* AppDelegate.swift in Sources */,
				7A90A61C24455B1F001A5F04 /* SceneDelegate.swift in Sources */,
			);
			runOnlyForDeploymentPostprocessing = 0;
		};
		7A90A62824455B29001A5F04 /* Sources */ = {
			isa = PBXSourcesBuildPhase;
			buildActionMask = 2147483647;
			files = (
				7A90A63124455B29001A5F04 /* TouchTrackerTests.swift in Sources */,
			);
			runOnlyForDeploymentPostprocessing = 0;
		};
		7A90A63324455B29001A5F04 /* Sources */ = {
			isa = PBXSourcesBuildPhase;
			buildActionMask = 2147483647;
			files = (
				7A90A63C24455B29001A5F04 /* TouchTrackerUITests.swift in Sources */,
			);
			runOnlyForDeploymentPostprocessing = 0;
		};
/* End PBXSourcesBuildPhase section */

/* Begin PBXTargetDependency section */
		7A90A62E24455B29001A5F04 /* PBXTargetDependency */ = {
			isa = PBXTargetDependency;
			target = 7A90A61524455B1F001A5F04 /* TouchTracker */;
			targetProxy = 7A90A62D24455B29001A5F04 /* PBXContainerItemProxy */;
		};
		7A90A63924455B29001A5F04 /* PBXTargetDependency */ = {
			isa = PBXTargetDependency;
			target = 7A90A61524455B1F001A5F04 /* TouchTracker */;
			targetProxy = 7A90A63824455B29001A5F04 /* PBXContainerItemProxy */;
		};
/* End PBXTargetDependency section */

/* Begin PBXVariantGroup section */
		7A90A61F24455B1F001A5F04 /* Main.storyboard */ = {
			isa = PBXVariantGroup;
			children = (
				7A90A62024455B1F001A5F04 /* Base */,
			);
			name = Main.storyboard;
			sourceTree = "<group>";
		};
		7A90A62424455B28001A5F04 /* LaunchScreen.storyboard */ = {
			isa = PBXVariantGroup;
			children = (
				7A90A62524455B28001A5F04 /* Base */,
			);
			name = LaunchScreen.storyboard;
			sourceTree = "<group>";
		};
/* End PBXVariantGroup section */

/* Begin XCBuildConfiguration section */
		7A90A63E24455B29001A5F04 /* Debug */ = {
			isa = XCBuildConfiguration;
			buildSettings = {
				ALWAYS_SEARCH_USER_PATHS = NO;
				CLANG_ANALYZER_NONNULL = YES;
				CLANG_ANALYZER_NUMBER_OBJECT_CONVERSION = YES_AGGRESSIVE;
				CLANG_CXX_LANGUAGE_STANDARD = "gnu++14";
				CLANG_CXX_LIBRARY = "libc++";
				CLANG_ENABLE_MODULES = YES;
				CLANG_ENABLE_OBJC_ARC = YES;
				CLANG_ENABLE_OBJC_WEAK = YES;
				CLANG_WARN_BLOCK_CAPTURE_AUTORELEASING = YES;
				CLANG_WARN_BOOL_CONVERSION = YES;
				CLANG_WARN_COMMA = YES;
				CLANG_WARN_CONSTANT_CONVERSION = YES;
				CLANG_WARN_DEPRECATED_OBJC_IMPLEMENTATIONS = YES;
				CLANG_WARN_DIRECT_OBJC_ISA_USAGE = YES_ERROR;
				CLANG_WARN_DOCUMENTATION_COMMENTS = YES;
				CLANG_WARN_EMPTY_BODY = YES;
				CLANG_WARN_ENUM_CONVERSION = YES;
				CLANG_WARN_INFINITE_RECURSION = YES;
				CLANG_WARN_INT_CONVERSION = YES;
				CLANG_WARN_NON_LITERAL_NULL_CONVERSION = YES;
				CLANG_WARN_OBJC_IMPLICIT_RETAIN_SELF = YES;
				CLANG_WARN_OBJC_LITERAL_CONVERSION = YES;
				CLANG_WARN_OBJC_ROOT_CLASS = YES_ERROR;
				CLANG_WARN_RANGE_LOOP_ANALYSIS = YES;
				CLANG_WARN_STRICT_PROTOTYPES = YES;
				CLANG_WARN_SUSPICIOUS_MOVE = YES;
				CLANG_WARN_UNGUARDED_AVAILABILITY = YES_AGGRESSIVE;
				CLANG_WARN_UNREACHABLE_CODE = YES;
				CLANG_WARN__DUPLICATE_METHOD_MATCH = YES;
				COPY_PHASE_STRIP = NO;
				DEBUG_INFORMATION_FORMAT = dwarf;
				ENABLE_STRICT_OBJC_MSGSEND = YES;
				ENABLE_TESTABILITY = YES;
				GCC_C_LANGUAGE_STANDARD = gnu11;
				GCC_DYNAMIC_NO_PIC = NO;
				GCC_NO_COMMON_BLOCKS = YES;
				GCC_OPTIMIZATION_LEVEL = 0;
				GCC_PREPROCESSOR_DEFINITIONS = (
					"DEBUG=1",
					"$(inherited)",
				);
				GCC_WARN_64_TO_32_BIT_CONVERSION = YES;
				GCC_WARN_ABOUT_RETURN_TYPE = YES_ERROR;
				GCC_WARN_UNDECLARED_SELECTOR = YES;
				GCC_WARN_UNINITIALIZED_AUTOS = YES_AGGRESSIVE;
				GCC_WARN_UNUSED_FUNCTION = YES;
				GCC_WARN_UNUSED_VARIABLE = YES;
				IPHONEOS_DEPLOYMENT_TARGET = 13.2;
				MTL_ENABLE_DEBUG_INFO = INCLUDE_SOURCE;
				MTL_FAST_MATH = YES;
				ONLY_ACTIVE_ARCH = YES;
				SDKROOT = iphoneos;
				SWIFT_ACTIVE_COMPILATION_CONDITIONS = DEBUG;
				SWIFT_OPTIMIZATION_LEVEL = "-Onone";
			};
			name = Debug;
		};
		7A90A63F24455B29001A5F04 /* Release */ = {
			isa = XCBuildConfiguration;
			buildSettings = {
				ALWAYS_SEARCH_USER_PATHS = NO;
				CLANG_ANALYZER_NONNULL = YES;
				CLANG_ANALYZER_NUMBER_OBJECT_CONVERSION = YES_AGGRESSIVE;
				CLANG_CXX_LANGUAGE_STANDARD = "gnu++14";
				CLANG_CXX_LIBRARY = "libc++";
				CLANG_ENABLE_MODULES = YES;
				CLANG_ENABLE_OBJC_ARC = YES;
				CLANG_ENABLE_OBJC_WEAK = YES;
				CLANG_WARN_BLOCK_CAPTURE_AUTORELEASING = YES;
				CLANG_WARN_BOOL_CONVERSION = YES;
				CLANG_WARN_COMMA = YES;
				CLANG_WARN_CONSTANT_CONVERSION = YES;
				CLANG_WARN_DEPRECATED_OBJC_IMPLEMENTATIONS = YES;
				CLANG_WARN_DIRECT_OBJC_ISA_USAGE = YES_ERROR;
				CLANG_WARN_DOCUMENTATION_COMMENTS = YES;
				CLANG_WARN_EMPTY_BODY = YES;
				CLANG_WARN_ENUM_CONVERSION = YES;
				CLANG_WARN_INFINITE_RECURSION = YES;
				CLANG_WARN_INT_CONVERSION = YES;
				CLANG_WARN_NON_LITERAL_NULL_CONVERSION = YES;
				CLANG_WARN_OBJC_IMPLICIT_RETAIN_SELF = YES;
				CLANG_WARN_OBJC_LITERAL_CONVERSION = YES;
				CLANG_WARN_OBJC_ROOT_CLASS = YES_ERROR;
				CLANG_WARN_RANGE_LOOP_ANALYSIS = YES;
				CLANG_WARN_STRICT_PROTOTYPES = YES;
				CLANG_WARN_SUSPICIOUS_MOVE = YES;
				CLANG_WARN_UNGUARDED_AVAILABILITY = YES_AGGRESSIVE;
				CLANG_WARN_UNREACHABLE_CODE = YES;
				CLANG_WARN__DUPLICATE_METHOD_MATCH = YES;
				COPY_PHASE_STRIP = NO;
				DEBUG_INFORMATION_FORMAT = "dwarf-with-dsym";
				ENABLE_NS_ASSERTIONS = NO;
				ENABLE_STRICT_OBJC_MSGSEND = YES;
				GCC_C_LANGUAGE_STANDARD = gnu11;
				GCC_NO_COMMON_BLOCKS = YES;
				GCC_WARN_64_TO_32_BIT_CONVERSION = YES;
				GCC_WARN_ABOUT_RETURN_TYPE = YES_ERROR;
				GCC_WARN_UNDECLARED_SELECTOR = YES;
				GCC_WARN_UNINITIALIZED_AUTOS = YES_AGGRESSIVE;
				GCC_WARN_UNUSED_FUNCTION = YES;
				GCC_WARN_UNUSED_VARIABLE = YES;
				IPHONEOS_DEPLOYMENT_TARGET = 13.2;
				MTL_ENABLE_DEBUG_INFO = NO;
				MTL_FAST_MATH = YES;
				SDKROOT = iphoneos;
				SWIFT_COMPILATION_MODE = wholemodule;
				SWIFT_OPTIMIZATION_LEVEL = "-O";
				VALIDATE_PRODUCT = YES;
			};
			name = Release;
		};
		7A90A64124455B29001A5F04 /* Debug */ = {
			isa = XCBuildConfiguration;
			buildSettings = {
				ASSETCATALOG_COMPILER_APPICON_NAME = AppIcon;
				CODE_SIGN_STYLE = Automatic;
				INFOPLIST_FILE = TouchTracker/Info.plist;
				LD_RUNPATH_SEARCH_PATHS = (
					"$(inherited)",
					"@executable_path/Frameworks",
				);
				PRODUCT_BUNDLE_IDENTIFIER = Aditi.TouchTracker;
				PRODUCT_NAME = "$(TARGET_NAME)";
				SWIFT_VERSION = 5.0;
				TARGETED_DEVICE_FAMILY = "1,2";
			};
			name = Debug;
		};
		7A90A64224455B29001A5F04 /* Release */ = {
			isa = XCBuildConfiguration;
			buildSettings = {
				ASSETCATALOG_COMPILER_APPICON_NAME = AppIcon;
				CODE_SIGN_STYLE = Automatic;
				INFOPLIST_FILE = TouchTracker/Info.plist;
				LD_RUNPATH_SEARCH_PATHS = (
					"$(inherited)",
					"@executable_path/Frameworks",
				);
				PRODUCT_BUNDLE_IDENTIFIER = Aditi.TouchTracker;
				PRODUCT_NAME = "$(TARGET_NAME)";
				SWIFT_VERSION = 5.0;
				TARGETED_DEVICE_FAMILY = "1,2";
			};
			name = Release;
		};
		7A90A64424455B29001A5F04 /* Debug */ = {
			isa = XCBuildConfiguration;
			buildSettings = {
				ALWAYS_EMBED_SWIFT_STANDARD_LIBRARIES = YES;
				BUNDLE_LOADER = "$(TEST_HOST)";
				CODE_SIGN_STYLE = Automatic;
				INFOPLIST_FILE = TouchTrackerTests/Info.plist;
				IPHONEOS_DEPLOYMENT_TARGET = 13.2;
				LD_RUNPATH_SEARCH_PATHS = (
					"$(inherited)",
					"@executable_path/Frameworks",
					"@loader_path/Frameworks",
				);
				PRODUCT_BUNDLE_IDENTIFIER = Aditi.TouchTrackerTests;
				PRODUCT_NAME = "$(TARGET_NAME)";
				SWIFT_VERSION = 5.0;
				TARGETED_DEVICE_FAMILY = "1,2";
				TEST_HOST = "$(BUILT_PRODUCTS_DIR)/TouchTracker.app/TouchTracker";
			};
			name = Debug;
		};
		7A90A64524455B29001A5F04 /* Release */ = {
			isa = XCBuildConfiguration;
			buildSettings = {
				ALWAYS_EMBED_SWIFT_STANDARD_LIBRARIES = YES;
				BUNDLE_LOADER = "$(TEST_HOST)";
				CODE_SIGN_STYLE = Automatic;
				INFOPLIST_FILE = TouchTrackerTests/Info.plist;
				IPHONEOS_DEPLOYMENT_TARGET = 13.2;
				LD_RUNPATH_SEARCH_PATHS = (
					"$(inherited)",
					"@executable_path/Frameworks",
					"@loader_path/Frameworks",
				);
				PRODUCT_BUNDLE_IDENTIFIER = Aditi.TouchTrackerTests;
				PRODUCT_NAME = "$(TARGET_NAME)";
				SWIFT_VERSION = 5.0;
				TARGETED_DEVICE_FAMILY = "1,2";
				TEST_HOST = "$(BUILT_PRODUCTS_DIR)/TouchTracker.app/TouchTracker";
			};
			name = Release;
		};
		7A90A64724455B29001A5F04 /* Debug */ = {
			isa = XCBuildConfiguration;
			buildSettings = {
				ALWAYS_EMBED_SWIFT_STANDARD_LIBRARIES = YES;
				CODE_SIGN_STYLE = Automatic;
				INFOPLIST_FILE = TouchTrackerUITests/Info.plist;
				LD_RUNPATH_SEARCH_PATHS = (
					"$(inherited)",
					"@executable_path/Frameworks",
					"@loader_path/Frameworks",
				);
				PRODUCT_BUNDLE_IDENTIFIER = Aditi.TouchTrackerUITests;
				PRODUCT_NAME = "$(TARGET_NAME)";
				SWIFT_VERSION = 5.0;
				TARGETED_DEVICE_FAMILY = "1,2";
				TEST_TARGET_NAME = TouchTracker;
			};
			name = Debug;
		};
		7A90A64824455B29001A5F04 /* Release */ = {
			isa = XCBuildConfiguration;
			buildSettings = {
				ALWAYS_EMBED_SWIFT_STANDARD_LIBRARIES = YES;
				CODE_SIGN_STYLE = Automatic;
				INFOPLIST_FILE = TouchTrackerUITests/Info.plist;
				LD_RUNPATH_SEARCH_PATHS = (
					"$(inherited)",
					"@executable_path/Frameworks",
					"@loader_path/Frameworks",
				);
				PRODUCT_BUNDLE_IDENTIFIER = Aditi.TouchTrackerUITests;
				PRODUCT_NAME = "$(TARGET_NAME)";
				SWIFT_VERSION = 5.0;
				TARGETED_DEVICE_FAMILY = "1,2";
				TEST_TARGET_NAME = TouchTracker;
			};
			name = Release;
		};
/* End XCBuildConfiguration section */

/* Begin XCConfigurationList section */
		7A90A61124455B1F001A5F04 /* Build configuration list for PBXProject "TouchTracker" */ = {
			isa = XCConfigurationList;
			buildConfigurations = (
				7A90A63E24455B29001A5F04 /* Debug */,
				7A90A63F24455B29001A5F04 /* Release */,
			);
			defaultConfigurationIsVisible = 0;
			defaultConfigurationName = Release;
		};
		7A90A64024455B29001A5F04 /* Build configuration list for PBXNativeTarget "TouchTracker" */ = {
			isa = XCConfigurationList;
			buildConfigurations = (
				7A90A64124455B29001A5F04 /* Debug */,
				7A90A64224455B29001A5F04 /* Release */,
			);
			defaultConfigurationIsVisible = 0;
			defaultConfigurationName = Release;
		};
		7A90A64324455B29001A5F04 /* Build configuration list for PBXNativeTarget "TouchTrackerTests" */ = {
			isa = XCConfigurationList;
			buildConfigurations = (
				7A90A64424455B29001A5F04 /* Debug */,
				7A90A64524455B29001A5F04 /* Release */,
			);
			defaultConfigurationIsVisible = 0;
			defaultConfigurationName = Release;
		};
		7A90A64624455B29001A5F04 /* Build configuration list for PBXNativeTarget "TouchTrackerUITests" */ = {
			isa = XCConfigurationList;
			buildConfigurations = (
				7A90A64724455B29001A5F04 /* Debug */,
				7A90A64824455B29001A5F04 /* Release */,
			);
			defaultConfigurationIsVisible = 0;
			defaultConfigurationName = Release;
		};
/* End XCConfigurationList section */
	};
	rootObject = 7A90A60E24455B1F001A5F04 /* Project object */;
}
